PODS:
  - Alamofire (4.6.0)
  - lottie-ios (2.5.3)
  - SwiftLint (0.31.0)

DEPENDENCIES:
  - Alamofire (= 4.6.0)
  - lottie-ios
  - SwiftLint

SPEC REPOS:
  https://github.com/cocoapods/specs.git:
    - Alamofire
    - lottie-ios
    - SwiftLint

SPEC CHECKSUMS:
  Alamofire: f41a599bd63041760b26d393ec1069d9d7b917f4
  lottie-ios: a50d5c0160425cd4b01b852bb9578963e6d92d31
  SwiftLint: 7a0227733d786395817373b2d0ca799fd0093ff3

PODFILE CHECKSUM: a225026fcf66728f745366e6ed7f0f8548aed751

COCOAPODS: 1.5.3
